// !$*UTF8*$!
{
	archiveVersion = 1;
	classes = {
	};
	objectVersion = 46;
	objects = {

/* Begin PBXBuildFile section */
		C792454419C9D019008C350D /* PGPasswordDetailViewController.m in Sources */ = {isa = PBXBuildFile; fileRef = C792454319C9D019008C350D /* PGPasswordDetailViewController.m */; };
		C792454719C9D32A008C350D /* PGPasswordFormatter.m in Sources */ = {isa = PBXBuildFile; fileRef = C792454619C9D32A008C350D /* PGPasswordFormatter.m */; };
		C792454A19C9EA4F008C350D /* LICENCE in Resources */ = {isa = PBXBuildFile; fileRef = C792454819C9EA4F008C350D /* LICENCE */; };
		C792454B19C9EA4F008C350D /* README.md in Sources */ = {isa = PBXBuildFile; fileRef = C792454919C9EA4F008C350D /* README.md */; };
		C7B691AD19CAEF4000D1F81B /* LaunchScreen.storyboard in Resources */ = {isa = PBXBuildFile; fileRef = C7B691AC19CAEF4000D1F81B /* LaunchScreen.storyboard */; };
		C7C55E5019C7028A00C15615 /* PGGeneratorTableViewController.m in Sources */ = {isa = PBXBuildFile; fileRef = C7C55E4F19C7028A00C15615 /* PGGeneratorTableViewController.m */; };
		C7E5A4ED19BF168C00633B95 /* Foundation.framework in Frameworks */ = {isa = PBXBuildFile; fileRef = C7E5A4EC19BF168C00633B95 /* Foundation.framework */; };
		C7E5A4EF19BF168C00633B95 /* CoreGraphics.framework in Frameworks */ = {isa = PBXBuildFile; fileRef = C7E5A4EE19BF168C00633B95 /* CoreGraphics.framework */; };
		C7E5A4F119BF168C00633B95 /* UIKit.framework in Frameworks */ = {isa = PBXBuildFile; fileRef = C7E5A4F019BF168C00633B95 /* UIKit.framework */; };
		C7E5A4F719BF168C00633B95 /* InfoPlist.strings in Resources */ = {isa = PBXBuildFile; fileRef = C7E5A4F519BF168C00633B95 /* InfoPlist.strings */; };
		C7E5A4F919BF168C00633B95 /* main.m in Sources */ = {isa = PBXBuildFile; fileRef = C7E5A4F819BF168C00633B95 /* main.m */; };
		C7E5A4FD19BF168C00633B95 /* PGAppDelegate.m in Sources */ = {isa = PBXBuildFile; fileRef = C7E5A4FC19BF168C00633B95 /* PGAppDelegate.m */; };
		C7E5A50019BF168C00633B95 /* Main.storyboard in Resources */ = {isa = PBXBuildFile; fileRef = C7E5A4FE19BF168C00633B95 /* Main.storyboard */; };
		C7E5A50319BF168C00633B95 /* PGMainViewController.m in Sources */ = {isa = PBXBuildFile; fileRef = C7E5A50219BF168C00633B95 /* PGMainViewController.m */; };
		C7E5A50519BF168C00633B95 /* Images.xcassets in Resources */ = {isa = PBXBuildFile; fileRef = C7E5A50419BF168C00633B95 /* Images.xcassets */; };
		C7E5A50C19BF168C00633B95 /* XCTest.framework in Frameworks */ = {isa = PBXBuildFile; fileRef = C7E5A50B19BF168C00633B95 /* XCTest.framework */; };
		C7E5A50D19BF168C00633B95 /* Foundation.framework in Frameworks */ = {isa = PBXBuildFile; fileRef = C7E5A4EC19BF168C00633B95 /* Foundation.framework */; };
		C7E5A50E19BF168C00633B95 /* UIKit.framework in Frameworks */ = {isa = PBXBuildFile; fileRef = C7E5A4F019BF168C00633B95 /* UIKit.framework */; };
		C7E5A51619BF168C00633B95 /* InfoPlist.strings in Resources */ = {isa = PBXBuildFile; fileRef = C7E5A51419BF168C00633B95 /* InfoPlist.strings */; };
		C7E5A51819BF168C00633B95 /* PasswordGeneratorTests.m in Sources */ = {isa = PBXBuildFile; fileRef = C7E5A51719BF168C00633B95 /* PasswordGeneratorTests.m */; };
		C7E5A52A19BF1DEA00633B95 /* PGAlphaNumericGenerator.m in Sources */ = {isa = PBXBuildFile; fileRef = C7E5A52919BF1DEA00633B95 /* PGAlphaNumericGenerator.m */; };
		C7E5A52E19BF303600633B95 /* PGRandom.m in Sources */ = {isa = PBXBuildFile; fileRef = C7E5A52D19BF303600633B95 /* PGRandom.m */; };
/* End PBXBuildFile section */

/* Begin PBXContainerItemProxy section */
		C7E5A50F19BF168C00633B95 /* PBXContainerItemProxy */ = {
			isa = PBXContainerItemProxy;
			containerPortal = C7E5A4E119BF168C00633B95 /* Project object */;
			proxyType = 1;
			remoteGlobalIDString = C7E5A4E819BF168C00633B95;
			remoteInfo = PasswordGenerator;
		};
/* End PBXContainerItemProxy section */

/* Begin PBXFileReference section */
		C792454219C9D019008C350D /* PGPasswordDetailViewController.h */ = {isa = PBXFileReference; fileEncoding = 4; lastKnownFileType = sourcecode.c.h; path = PGPasswordDetailViewController.h; sourceTree = "<group>"; };
		C792454319C9D019008C350D /* PGPasswordDetailViewController.m */ = {isa = PBXFileReference; fileEncoding = 4; lastKnownFileType = sourcecode.c.objc; path = PGPasswordDetailViewController.m; sourceTree = "<group>"; };
		C792454519C9D32A008C350D /* PGPasswordFormatter.h */ = {isa = PBXFileReference; fileEncoding = 4; lastKnownFileType = sourcecode.c.h; path = PGPasswordFormatter.h; sourceTree = "<group>"; };
		C792454619C9D32A008C350D /* PGPasswordFormatter.m */ = {isa = PBXFileReference; fileEncoding = 4; lastKnownFileType = sourcecode.c.objc; path = PGPasswordFormatter.m; sourceTree = "<group>"; };
		C792454819C9EA4F008C350D /* LICENCE */ = {isa = PBXFileReference; fileEncoding = 4; lastKnownFileType = text; path = LICENCE; sourceTree = "<group>"; };
		C792454919C9EA4F008C350D /* README.md */ = {isa = PBXFileReference; fileEncoding = 4; lastKnownFileType = net.daringfireball.markdown; path = README.md; sourceTree = "<group>"; };
		C7B691AC19CAEF4000D1F81B /* LaunchScreen.storyboard */ = {isa = PBXFileReference; fileEncoding = 4; lastKnownFileType = file.storyboard; name = LaunchScreen.storyboard; path = ../LaunchScreen.storyboard; sourceTree = "<group>"; };
		C7C55E4E19C7028A00C15615 /* PGGeneratorTableViewController.h */ = {isa = PBXFileReference; fileEncoding = 4; lastKnownFileType = sourcecode.c.h; path = PGGeneratorTableViewController.h; sourceTree = "<group>"; };
		C7C55E4F19C7028A00C15615 /* PGGeneratorTableViewController.m */ = {isa = PBXFileReference; fileEncoding = 4; lastKnownFileType = sourcecode.c.objc; path = PGGeneratorTableViewController.m; sourceTree = "<group>"; };
		C7E5A4E919BF168C00633B95 /* PasswordGenerator.app */ = {isa = PBXFileReference; explicitFileType = wrapper.application; includeInIndex = 0; path = PasswordGenerator.app; sourceTree = BUILT_PRODUCTS_DIR; };
		C7E5A4EC19BF168C00633B95 /* Foundation.framework */ = {isa = PBXFileReference; lastKnownFileType = wrapper.framework; name = Foundation.framework; path = System/Library/Frameworks/Foundation.framework; sourceTree = SDKROOT; };
		C7E5A4EE19BF168C00633B95 /* CoreGraphics.framework */ = {isa = PBXFileReference; lastKnownFileType = wrapper.framework; name = CoreGraphics.framework; path = System/Library/Frameworks/CoreGraphics.framework; sourceTree = SDKROOT; };
		C7E5A4F019BF168C00633B95 /* UIKit.framework */ = {isa = PBXFileReference; lastKnownFileType = wrapper.framework; name = UIKit.framework; path = System/Library/Frameworks/UIKit.framework; sourceTree = SDKROOT; };
		C7E5A4F419BF168C00633B95 /* PasswordGenerator-Info.plist */ = {isa = PBXFileReference; lastKnownFileType = text.plist.xml; path = "PasswordGenerator-Info.plist"; sourceTree = "<group>"; };
		C7E5A4F619BF168C00633B95 /* en */ = {isa = PBXFileReference; lastKnownFileType = text.plist.strings; name = en; path = en.lproj/InfoPlist.strings; sourceTree = "<group>"; };
		C7E5A4F819BF168C00633B95 /* main.m */ = {isa = PBXFileReference; lastKnownFileType = sourcecode.c.objc; path = main.m; sourceTree = "<group>"; };
		C7E5A4FA19BF168C00633B95 /* PasswordGenerator-Prefix.pch */ = {isa = PBXFileReference; lastKnownFileType = sourcecode.c.h; path = "PasswordGenerator-Prefix.pch"; sourceTree = "<group>"; };
		C7E5A4FB19BF168C00633B95 /* PGAppDelegate.h */ = {isa = PBXFileReference; lastKnownFileType = sourcecode.c.h; path = PGAppDelegate.h; sourceTree = "<group>"; };
		C7E5A4FC19BF168C00633B95 /* PGAppDelegate.m */ = {isa = PBXFileReference; lastKnownFileType = sourcecode.c.objc; path = PGAppDelegate.m; sourceTree = "<group>"; };
		C7E5A4FF19BF168C00633B95 /* Base */ = {isa = PBXFileReference; lastKnownFileType = file.storyboard; name = Base; path = Base.lproj/Main.storyboard; sourceTree = "<group>"; };
		C7E5A50119BF168C00633B95 /* PGMainViewController.h */ = {isa = PBXFileReference; lastKnownFileType = sourcecode.c.h; path = PGMainViewController.h; sourceTree = "<group>"; };
		C7E5A50219BF168C00633B95 /* PGMainViewController.m */ = {isa = PBXFileReference; lastKnownFileType = sourcecode.c.objc; path = PGMainViewController.m; sourceTree = "<group>"; };
		C7E5A50419BF168C00633B95 /* Images.xcassets */ = {isa = PBXFileReference; lastKnownFileType = folder.assetcatalog; path = Images.xcassets; sourceTree = "<group>"; };
		C7E5A50A19BF168C00633B95 /* PasswordGeneratorTests.xctest */ = {isa = PBXFileReference; explicitFileType = wrapper.cfbundle; includeInIndex = 0; path = PasswordGeneratorTests.xctest; sourceTree = BUILT_PRODUCTS_DIR; };
		C7E5A50B19BF168C00633B95 /* XCTest.framework */ = {isa = PBXFileReference; lastKnownFileType = wrapper.framework; name = XCTest.framework; path = Library/Frameworks/XCTest.framework; sourceTree = DEVELOPER_DIR; };
		C7E5A51319BF168C00633B95 /* PasswordGeneratorTests-Info.plist */ = {isa = PBXFileReference; lastKnownFileType = text.plist.xml; path = "PasswordGeneratorTests-Info.plist"; sourceTree = "<group>"; };
		C7E5A51519BF168C00633B95 /* en */ = {isa = PBXFileReference; lastKnownFileType = text.plist.strings; name = en; path = en.lproj/InfoPlist.strings; sourceTree = "<group>"; };
		C7E5A51719BF168C00633B95 /* PasswordGeneratorTests.m */ = {isa = PBXFileReference; lastKnownFileType = sourcecode.c.objc; path = PasswordGeneratorTests.m; sourceTree = "<group>"; };
		C7E5A52819BF1DEA00633B95 /* PGAlphaNumericGenerator.h */ = {isa = PBXFileReference; fileEncoding = 4; lastKnownFileType = sourcecode.c.h; path = PGAlphaNumericGenerator.h; sourceTree = "<group>"; };
		C7E5A52919BF1DEA00633B95 /* PGAlphaNumericGenerator.m */ = {isa = PBXFileReference; fileEncoding = 4; lastKnownFileType = sourcecode.c.objc; path = PGAlphaNumericGenerator.m; sourceTree = "<group>"; };
		C7E5A52B19BF217F00633B95 /* PGGenerator.h */ = {isa = PBXFileReference; lastKnownFileType = sourcecode.c.h; path = PGGenerator.h; sourceTree = "<group>"; };
		C7E5A52C19BF303600633B95 /* PGRandom.h */ = {isa = PBXFileReference; fileEncoding = 4; lastKnownFileType = sourcecode.c.h; path = PGRandom.h; sourceTree = "<group>"; };
		C7E5A52D19BF303600633B95 /* PGRandom.m */ = {isa = PBXFileReference; fileEncoding = 4; lastKnownFileType = sourcecode.c.objc; path = PGRandom.m; sourceTree = "<group>"; };
/* End PBXFileReference section */

/* Begin PBXFrameworksBuildPhase section */
		C7E5A4E619BF168C00633B95 /* Frameworks */ = {
			isa = PBXFrameworksBuildPhase;
			buildActionMask = 2147483647;
			files = (
				C7E5A4EF19BF168C00633B95 /* CoreGraphics.framework in Frameworks */,
				C7E5A4F119BF168C00633B95 /* UIKit.framework in Frameworks */,
				C7E5A4ED19BF168C00633B95 /* Foundation.framework in Frameworks */,
			);
			runOnlyForDeploymentPostprocessing = 0;
		};
		C7E5A50719BF168C00633B95 /* Frameworks */ = {
			isa = PBXFrameworksBuildPhase;
			buildActionMask = 2147483647;
			files = (
				C7E5A50C19BF168C00633B95 /* XCTest.framework in Frameworks */,
				C7E5A50E19BF168C00633B95 /* UIKit.framework in Frameworks */,
				C7E5A50D19BF168C00633B95 /* Foundation.framework in Frameworks */,
			);
			runOnlyForDeploymentPostprocessing = 0;
		};
/* End PBXFrameworksBuildPhase section */

/* Begin PBXGroup section */
		C7E5A4E019BF168C00633B95 = {
			isa = PBXGroup;
			children = (
				C7E5A4F219BF168C00633B95 /* PasswordGenerator */,
				C7E5A51119BF168C00633B95 /* PasswordGeneratorTests */,
				C7E5A4EB19BF168C00633B95 /* Frameworks */,
				C7E5A4EA19BF168C00633B95 /* Products */,
			);
			sourceTree = "<group>";
		};
		C7E5A4EA19BF168C00633B95 /* Products */ = {
			isa = PBXGroup;
			children = (
				C7E5A4E919BF168C00633B95 /* PasswordGenerator.app */,
				C7E5A50A19BF168C00633B95 /* PasswordGeneratorTests.xctest */,
			);
			name = Products;
			sourceTree = "<group>";
		};
		C7E5A4EB19BF168C00633B95 /* Frameworks */ = {
			isa = PBXGroup;
			children = (
				C7E5A4EC19BF168C00633B95 /* Foundation.framework */,
				C7E5A4EE19BF168C00633B95 /* CoreGraphics.framework */,
				C7E5A4F019BF168C00633B95 /* UIKit.framework */,
				C7E5A50B19BF168C00633B95 /* XCTest.framework */,
			);
			name = Frameworks;
			sourceTree = "<group>";
		};
		C7E5A4F219BF168C00633B95 /* PasswordGenerator */ = {
			isa = PBXGroup;
			children = (
				C7E5A52419BF1CF600633B95 /* Generators */,
				C7E5A4FB19BF168C00633B95 /* PGAppDelegate.h */,
				C7E5A4FC19BF168C00633B95 /* PGAppDelegate.m */,
				C7E5A4FE19BF168C00633B95 /* Main.storyboard */,
				C7B691AC19CAEF4000D1F81B /* LaunchScreen.storyboard */,
				C792454219C9D019008C350D /* PGPasswordDetailViewController.h */,
				C792454319C9D019008C350D /* PGPasswordDetailViewController.m */,
				C7C55E4E19C7028A00C15615 /* PGGeneratorTableViewController.h */,
				C7C55E4F19C7028A00C15615 /* PGGeneratorTableViewController.m */,
				C7E5A50119BF168C00633B95 /* PGMainViewController.h */,
				C7E5A50219BF168C00633B95 /* PGMainViewController.m */,
				C792454519C9D32A008C350D /* PGPasswordFormatter.h */,
				C792454619C9D32A008C350D /* PGPasswordFormatter.m */,
				C7E5A50419BF168C00633B95 /* Images.xcassets */,
				C7E5A4F319BF168C00633B95 /* Supporting Files */,
			);
			path = PasswordGenerator;
			sourceTree = "<group>";
		};
		C7E5A4F319BF168C00633B95 /* Supporting Files */ = {
			isa = PBXGroup;
			children = (
				C792454819C9EA4F008C350D /* LICENCE */,
				C792454919C9EA4F008C350D /* README.md */,
				C7E5A4F419BF168C00633B95 /* PasswordGenerator-Info.plist */,
				C7E5A4F519BF168C00633B95 /* InfoPlist.strings */,
				C7E5A4F819BF168C00633B95 /* main.m */,
				C7E5A4FA19BF168C00633B95 /* PasswordGenerator-Prefix.pch */,
			);
			name = "Supporting Files";
			sourceTree = "<group>";
		};
		C7E5A51119BF168C00633B95 /* PasswordGeneratorTests */ = {
			isa = PBXGroup;
			children = (
				C7E5A51719BF168C00633B95 /* PasswordGeneratorTests.m */,
				C7E5A51219BF168C00633B95 /* Supporting Files */,
			);
			path = PasswordGeneratorTests;
			sourceTree = "<group>";
		};
		C7E5A51219BF168C00633B95 /* Supporting Files */ = {
			isa = PBXGroup;
			children = (
				C7E5A51319BF168C00633B95 /* PasswordGeneratorTests-Info.plist */,
				C7E5A51419BF168C00633B95 /* InfoPlist.strings */,
			);
			name = "Supporting Files";
			sourceTree = "<group>";
		};
		C7E5A52419BF1CF600633B95 /* Generators */ = {
			isa = PBXGroup;
			children = (
				C7E5A52819BF1DEA00633B95 /* PGAlphaNumericGenerator.h */,
				C7E5A52919BF1DEA00633B95 /* PGAlphaNumericGenerator.m */,
				C7E5A52B19BF217F00633B95 /* PGGenerator.h */,
				C7E5A52C19BF303600633B95 /* PGRandom.h */,
				C7E5A52D19BF303600633B95 /* PGRandom.m */,
			);
			name = Generators;
			sourceTree = "<group>";
		};
/* End PBXGroup section */

/* Begin PBXNativeTarget section */
		C7E5A4E819BF168C00633B95 /* PasswordGenerator */ = {
			isa = PBXNativeTarget;
			buildConfigurationList = C7E5A51B19BF168C00633B95 /* Build configuration list for PBXNativeTarget "PasswordGenerator" */;
			buildPhases = (
				C7E5A4E519BF168C00633B95 /* Sources */,
				C7E5A4E619BF168C00633B95 /* Frameworks */,
				C7E5A4E719BF168C00633B95 /* Resources */,
			);
			buildRules = (
			);
			dependencies = (
			);
			name = PasswordGenerator;
			productName = PasswordGenerator;
			productReference = C7E5A4E919BF168C00633B95 /* PasswordGenerator.app */;
			productType = "com.apple.product-type.application";
		};
		C7E5A50919BF168C00633B95 /* PasswordGeneratorTests */ = {
			isa = PBXNativeTarget;
			buildConfigurationList = C7E5A51E19BF168C00633B95 /* Build configuration list for PBXNativeTarget "PasswordGeneratorTests" */;
			buildPhases = (
				C7E5A50619BF168C00633B95 /* Sources */,
				C7E5A50719BF168C00633B95 /* Frameworks */,
				C7E5A50819BF168C00633B95 /* Resources */,
			);
			buildRules = (
			);
			dependencies = (
				C7E5A51019BF168C00633B95 /* PBXTargetDependency */,
			);
			name = PasswordGeneratorTests;
			productName = PasswordGeneratorTests;
			productReference = C7E5A50A19BF168C00633B95 /* PasswordGeneratorTests.xctest */;
			productType = "com.apple.product-type.bundle.unit-test";
		};
/* End PBXNativeTarget section */

/* Begin PBXProject section */
		C7E5A4E119BF168C00633B95 /* Project object */ = {
			isa = PBXProject;
			attributes = {
				CLASSPREFIX = PG;
				LastUpgradeCheck = 0510;
				ORGANIZATIONNAME = "Simia Infinitus";
				TargetAttributes = {
					C7E5A50919BF168C00633B95 = {
						TestTargetID = C7E5A4E819BF168C00633B95;
					};
				};
			};
			buildConfigurationList = C7E5A4E419BF168C00633B95 /* Build configuration list for PBXProject "PasswordGenerator" */;
			compatibilityVersion = "Xcode 3.2";
			developmentRegion = English;
			hasScannedForEncodings = 0;
			knownRegions = (
				en,
				Base,
			);
			mainGroup = C7E5A4E019BF168C00633B95;
			productRefGroup = C7E5A4EA19BF168C00633B95 /* Products */;
			projectDirPath = "";
			projectRoot = "";
			targets = (
				C7E5A4E819BF168C00633B95 /* PasswordGenerator */,
				C7E5A50919BF168C00633B95 /* PasswordGeneratorTests */,
			);
		};
/* End PBXProject section */

/* Begin PBXResourcesBuildPhase section */
		C7E5A4E719BF168C00633B95 /* Resources */ = {
			isa = PBXResourcesBuildPhase;
			buildActionMask = 2147483647;
			files = (
				C7E5A50519BF168C00633B95 /* Images.xcassets in Resources */,
				C7E5A4F719BF168C00633B95 /* InfoPlist.strings in Resources */,
				C792454A19C9EA4F008C350D /* LICENCE in Resources */,
				C7B691AD19CAEF4000D1F81B /* LaunchScreen.storyboard in Resources */,
				C7E5A50019BF168C00633B95 /* Main.storyboard in Resources */,
			);
			runOnlyForDeploymentPostprocessing = 0;
		};
		C7E5A50819BF168C00633B95 /* Resources */ = {
			isa = PBXResourcesBuildPhase;
			buildActionMask = 2147483647;
			files = (
				C7E5A51619BF168C00633B95 /* InfoPlist.strings in Resources */,
			);
			runOnlyForDeploymentPostprocessing = 0;
		};
/* End PBXResourcesBuildPhase section */

/* Begin PBXSourcesBuildPhase section */
		C7E5A4E519BF168C00633B95 /* Sources */ = {
			isa = PBXSourcesBuildPhase;
			buildActionMask = 2147483647;
			files = (
				C792454719C9D32A008C350D /* PGPasswordFormatter.m in Sources */,
				C7C55E5019C7028A00C15615 /* PGGeneratorTableViewController.m in Sources */,
				C792454B19C9EA4F008C350D /* README.md in Sources */,
				C7E5A52A19BF1DEA00633B95 /* PGAlphaNumericGenerator.m in Sources */,
				C7E5A4F919BF168C00633B95 /* main.m in Sources */,
				C7E5A50319BF168C00633B95 /* PGMainViewController.m in Sources */,
				C7E5A52E19BF303600633B95 /* PGRandom.m in Sources */,
				C792454419C9D019008C350D /* PGPasswordDetailViewController.m in Sources */,
				C7E5A4FD19BF168C00633B95 /* PGAppDelegate.m in Sources */,
			);
			runOnlyForDeploymentPostprocessing = 0;
		};
		C7E5A50619BF168C00633B95 /* Sources */ = {
			isa = PBXSourcesBuildPhase;
			buildActionMask = 2147483647;
			files = (
				C7E5A51819BF168C00633B95 /* PasswordGeneratorTests.m in Sources */,
			);
			runOnlyForDeploymentPostprocessing = 0;
		};
/* End PBXSourcesBuildPhase section */

/* Begin PBXTargetDependency section */
		C7E5A51019BF168C00633B95 /* PBXTargetDependency */ = {
			isa = PBXTargetDependency;
			target = C7E5A4E819BF168C00633B95 /* PasswordGenerator */;
			targetProxy = C7E5A50F19BF168C00633B95 /* PBXContainerItemProxy */;
		};
/* End PBXTargetDependency section */

/* Begin PBXVariantGroup section */
		C7E5A4F519BF168C00633B95 /* InfoPlist.strings */ = {
			isa = PBXVariantGroup;
			children = (
				C7E5A4F619BF168C00633B95 /* en */,
			);
			name = InfoPlist.strings;
			sourceTree = "<group>";
		};
		C7E5A4FE19BF168C00633B95 /* Main.storyboard */ = {
			isa = PBXVariantGroup;
			children = (
				C7E5A4FF19BF168C00633B95 /* Base */,
			);
			name = Main.storyboard;
			sourceTree = "<group>";
		};
		C7E5A51419BF168C00633B95 /* InfoPlist.strings */ = {
			isa = PBXVariantGroup;
			children = (
				C7E5A51519BF168C00633B95 /* en */,
			);
			name = InfoPlist.strings;
			sourceTree = "<group>";
		};
/* End PBXVariantGroup section */

/* Begin XCBuildConfiguration section */
		C7E5A51919BF168C00633B95 /* Debug */ = {
			isa = XCBuildConfiguration;
			buildSettings = {
				ALWAYS_SEARCH_USER_PATHS = NO;
				CLANG_CXX_LANGUAGE_STANDARD = "gnu++0x";
				CLANG_CXX_LIBRARY = "libc++";
				CLANG_ENABLE_MODULES = YES;
				CLANG_ENABLE_OBJC_ARC = YES;
				CLANG_WARN_BOOL_CONVERSION = YES;
				CLANG_WARN_CONSTANT_CONVERSION = YES;
				CLANG_WARN_DIRECT_OBJC_ISA_USAGE = YES_ERROR;
				CLANG_WARN_EMPTY_BODY = YES;
				CLANG_WARN_ENUM_CONVERSION = YES;
				CLANG_WARN_INT_CONVERSION = YES;
				CLANG_WARN_OBJC_ROOT_CLASS = YES_ERROR;
				CLANG_WARN__DUPLICATE_METHOD_MATCH = YES;
				"CODE_SIGN_IDENTITY[sdk=iphoneos*]" = "iPhone Developer";
				COPY_PHASE_STRIP = NO;
				GCC_C_LANGUAGE_STANDARD = gnu99;
				GCC_DYNAMIC_NO_PIC = NO;
				GCC_OPTIMIZATION_LEVEL = 0;
				GCC_PREPROCESSOR_DEFINITIONS = (
					"DEBUG=1",
					"$(inherited)",
				);
				GCC_SYMBOLS_PRIVATE_EXTERN = NO;
				GCC_WARN_64_TO_32_BIT_CONVERSION = YES;
				GCC_WARN_ABOUT_RETURN_TYPE = YES_ERROR;
				GCC_WARN_UNDECLARED_SELECTOR = YES;
				GCC_WARN_UNINITIALIZED_AUTOS = YES_AGGRESSIVE;
				GCC_WARN_UNUSED_FUNCTION = YES;
				GCC_WARN_UNUSED_VARIABLE = YES;
				IPHONEOS_DEPLOYMENT_TARGET = 7.1;
				ONLY_ACTIVE_ARCH = YES;
				SDKROOT = iphoneos;
			};
			name = Debug;
		};
		C7E5A51A19BF168C00633B95 /* Release */ = {
			isa = XCBuildConfiguration;
			buildSettings = {
				ALWAYS_SEARCH_USER_PATHS = NO;
				CLANG_CXX_LANGUAGE_STANDARD = "gnu++0x";
				CLANG_CXX_LIBRARY = "libc++";
				CLANG_ENABLE_MODULES = YES;
				CLANG_ENABLE_OBJC_ARC = YES;
				CLANG_WARN_BOOL_CONVERSION = YES;
				CLANG_WARN_CONSTANT_CONVERSION = YES;
				CLANG_WARN_DIRECT_OBJC_ISA_USAGE = YES_ERROR;
				CLANG_WARN_EMPTY_BODY = YES;
				CLANG_WARN_ENUM_CONVERSION = YES;
				CLANG_WARN_INT_CONVERSION = YES;
				CLANG_WARN_OBJC_ROOT_CLASS = YES_ERROR;
				CLANG_WARN__DUPLICATE_METHOD_MATCH = YES;
				"CODE_SIGN_IDENTITY[sdk=iphoneos*]" = "iPhone Developer";
				COPY_PHASE_STRIP = YES;
				ENABLE_NS_ASSERTIONS = NO;
				GCC_C_LANGUAGE_STANDARD = gnu99;
				GCC_WARN_64_TO_32_BIT_CONVERSION = YES;
				GCC_WARN_ABOUT_RETURN_TYPE = YES_ERROR;
				GCC_WARN_UNDECLARED_SELECTOR = YES;
				GCC_WARN_UNINITIALIZED_AUTOS = YES_AGGRESSIVE;
				GCC_WARN_UNUSED_FUNCTION = YES;
				GCC_WARN_UNUSED_VARIABLE = YES;
				IPHONEOS_DEPLOYMENT_TARGET = 7.1;
				SDKROOT = iphoneos;
				VALIDATE_PRODUCT = YES;
			};
			name = Release;
		};
		C7E5A51C19BF168C00633B95 /* Debug */ = {
			isa = XCBuildConfiguration;
			buildSettings = {
				ASSETCATALOG_COMPILER_APPICON_NAME = AppIcon;
				ASSETCATALOG_COMPILER_LAUNCHIMAGE_NAME = LaunchImage;
				GCC_PRECOMPILE_PREFIX_HEADER = YES;
				GCC_PREFIX_HEADER = "PasswordGenerator/PasswordGenerator-Prefix.pch";
				INFOPLIST_FILE = "PasswordGenerator/PasswordGenerator-Info.plist";
				IPHONEOS_DEPLOYMENT_TARGET = 8.0;
				PRODUCT_NAME = "$(TARGET_NAME)";
				WRAPPER_EXTENSION = app;
			};
			name = Debug;
		};
		C7E5A51D19BF168C00633B95 /* Release */ = {
			isa = XCBuildConfiguration;
			buildSettings = {
				ASSETCATALOG_COMPILER_APPICON_NAME = AppIcon;
				ASSETCATALOG_COMPILER_LAUNCHIMAGE_NAME = LaunchImage;
				GCC_PRECOMPILE_PREFIX_HEADER = YES;
				GCC_PREFIX_HEADER = "PasswordGenerator/PasswordGenerator-Prefix.pch";
				INFOPLIST_FILE = "PasswordGenerator/PasswordGenerator-Info.plist";
				IPHONEOS_DEPLOYMENT_TARGET = 8.0;
				PRODUCT_NAME = "$(TARGET_NAME)";
				WRAPPER_EXTENSION = app;
			};
			name = Release;
		};
		C7E5A51F19BF168C00633B95 /* Debug */ = {
			isa = XCBuildConfiguration;
			buildSettings = {
				BUNDLE_LOADER = "$(BUILT_PRODUCTS_DIR)/PasswordGenerator.app/PasswordGenerator";
				FRAMEWORK_SEARCH_PATHS = (
					"$(SDKROOT)/Developer/Library/Frameworks",
					"$(inherited)",
					"$(DEVELOPER_FRAMEWORKS_DIR)",
				);
				GCC_PRECOMPILE_PREFIX_HEADER = YES;
				GCC_PREFIX_HEADER = "PasswordGenerator/PasswordGenerator-Prefix.pch";
				GCC_PREPROCESSOR_DEFINITIONS = (
					"DEBUG=1",
					"$(inherited)",
				);
				INFOPLIST_FILE = "PasswordGeneratorTests/PasswordGeneratorTests-Info.plist";
				PRODUCT_NAME = "$(TARGET_NAME)";
				TEST_HOST = "$(BUNDLE_LOADER)";
				WRAPPER_EXTENSION = xctest;
			};
			name = Debug;
		};
		C7E5A52019BF168C00633B95 /* Release */ = {
			isa = XCBuildConfiguration;
			buildSettings = {
				BUNDLE_LOADER = "$(BUILT_PRODUCTS_DIR)/PasswordGenerator.app/PasswordGenerator";
				FRAMEWORK_SEARCH_PATHS = (
					"$(SDKROOT)/Developer/Library/Frameworks",
					"$(inherited)",
					"$(DEVELOPER_FRAMEWORKS_DIR)",
				);
				GCC_PRECOMPILE_PREFIX_HEADER = YES;
				GCC_PREFIX_HEADER = "PasswordGenerator/PasswordGenerator-Prefix.pch";
				INFOPLIST_FILE = "PasswordGeneratorTests/PasswordGeneratorTests-Info.plist";
				PRODUCT_NAME = "$(TARGET_NAME)";
				TEST_HOST = "$(BUNDLE_LOADER)";
				WRAPPER_EXTENSION = xctest;
			};
			name = Release;
		};
/* End XCBuildConfiguration section */

/* Begin XCConfigurationList section */
		C7E5A4E419BF168C00633B95 /* Build configuration list for PBXProject "PasswordGenerator" */ = {
			isa = XCConfigurationList;
			buildConfigurations = (
				C7E5A51919BF168C00633B95 /* Debug */,
				C7E5A51A19BF168C00633B95 /* Release */,
			);
			defaultConfigurationIsVisible = 0;
			defaultConfigurationName = Release;
		};
		C7E5A51B19BF168C00633B95 /* Build configuration list for PBXNativeTarget "PasswordGenerator" */ = {
			isa = XCConfigurationList;
			buildConfigurations = (
				C7E5A51C19BF168C00633B95 /* Debug */,
				C7E5A51D19BF168C00633B95 /* Release */,
			);
			defaultConfigurationIsVisible = 0;
			defaultConfigurationName = Release;
		};
		C7E5A51E19BF168C00633B95 /* Build configuration list for PBXNativeTarget "PasswordGeneratorTests" */ = {
			isa = XCConfigurationList;
			buildConfigurations = (
				C7E5A51F19BF168C00633B95 /* Debug */,
				C7E5A52019BF168C00633B95 /* Release */,
			);
			defaultConfigurationIsVisible = 0;
			defaultConfigurationName = Release;
		};
/* End XCConfigurationList section */
	};
	rootObject = C7E5A4E119BF168C00633B95 /* Project object */;
}
